
Microsoft Visual Studio Solution File, Format Version 12.00
# Visual Studio Version 17
VisualStudioVersion = 17.5.33424.131
MinimumVisualStudioVersion = 10.0.40219.1
Project("{FAE04EC0-301F-11D3-BF4B-00C04F79EFBC}") = "st10152183_Word_Game", "st10152183_Word_Game\st10152183_Word_Game.csproj", "{65F6BC38-81F8-4D2D-8262-3A5999E6ED50}"
EndProject
Global
	GlobalSection(SolutionConfigurationPlatforms) = preSolution
		Debug|Any CPU = Debug|Any CPU
		Release|Any CPU = Release|Any CPU
	EndGlobalSection
	GlobalSection(ProjectConfigurationPlatforms) = postSolution
		{65F6BC38-81F8-4D2D-8262-3A5999E6ED50}.Debug|Any CPU.ActiveCfg = Debug|Any CPU
		{65F6BC38-81F8-4D2D-8262-3A5999E6ED50}.Debug|Any CPU.Build.0 = Debug|Any CPU
		{65F6BC38-81F8-4D2D-8262-3A5999E6ED50}.Release|Any CPU.ActiveCfg = Release|Any CPU
		{65F6BC38-81F8-4D2D-8262-3A5999E6ED50}.Release|Any CPU.Build.0 = Release|Any CPU
	EndGlobalSection
	GlobalSection(SolutionProperties) = preSolution
		HideSolutionNode = FALSE
	EndGlobalSection
	GlobalSection(ExtensibilityGlobals) = postSolution
		SolutionGuid = {50DE29A5-C2AF-4066-9A1E-617D76A25AA2}
	EndGlobalSection
EndGlobal
